
Microsoft Visual Studio Solution File, Format Version 12.00
# Visual Studio Version 17
VisualStudioVersion = 17.7.34202.233
MinimumVisualStudioVersion = 10.0.40219.1
Project("{FAE04EC0-301F-11D3-BF4B-00C04F79EFBC}") = "ScreenSound", "ScreenSound\ScreenSound.csproj", "{CCF3E687-CDD3-475C-9339-B59DAA4B4FE7}"
EndProject
Global
	GlobalSection(SolutionConfigurationPlatforms) = preSolution
		Debug|Any CPU = Debug|Any CPU
		Release|Any CPU = Release|Any CPU
	EndGlobalSection
	GlobalSection(ProjectConfigurationPlatforms) = postSolution
		{CCF3E687-CDD3-475C-9339-B59DAA4B4FE7}.Debug|Any CPU.ActiveCfg = Debug|Any CPU
		{CCF3E687-CDD3-475C-9339-B59DAA4B4FE7}.Debug|Any CPU.Build.0 = Debug|Any CPU
		{CCF3E687-CDD3-475C-9339-B59DAA4B4FE7}.Release|Any CPU.ActiveCfg = Release|Any CPU
		{CCF3E687-CDD3-475C-9339-B59DAA4B4FE7}.Release|Any CPU.Build.0 = Release|Any CPU
	EndGlobalSection
	GlobalSection(SolutionProperties) = preSolution
		HideSolutionNode = FALSE
	EndGlobalSection
	GlobalSection(ExtensibilityGlobals) = postSolution
		SolutionGuid = {3F469C70-C821-4C43-AE20-35519091AB85}
	EndGlobalSection
EndGlobal
